
Microsoft Visual Studio Solution File, Format Version 12.00
# Visual Studio Version 17
VisualStudioVersion = 17.7.34024.191
MinimumVisualStudioVersion = 10.0.40219.1
Project("{FAE04EC0-301F-11D3-BF4B-00C04F79EFBC}") = "CRUD1", "CRUD1\CRUD1.csproj", "{B961C30A-F4DE-41F0-A9CB-15C1748A5487}"
EndProject
Global
	GlobalSection(SolutionConfigurationPlatforms) = preSolution
		Debug|Any CPU = Debug|Any CPU
		Release|Any CPU = Release|Any CPU
	EndGlobalSection
	GlobalSection(ProjectConfigurationPlatforms) = postSolution
		{B961C30A-F4DE-41F0-A9CB-15C1748A5487}.Debug|Any CPU.ActiveCfg = Debug|Any CPU
		{B961C30A-F4DE-41F0-A9CB-15C1748A5487}.Debug|Any CPU.Build.0 = Debug|Any CPU
		{B961C30A-F4DE-41F0-A9CB-15C1748A5487}.Release|Any CPU.ActiveCfg = Release|Any CPU
		{B961C30A-F4DE-41F0-A9CB-15C1748A5487}.Release|Any CPU.Build.0 = Release|Any CPU
	EndGlobalSection
	GlobalSection(SolutionProperties) = preSolution
		HideSolutionNode = FALSE
	EndGlobalSection
	GlobalSection(ExtensibilityGlobals) = postSolution
		SolutionGuid = {C800BC5D-169B-461F-8182-295382025FDD}
	EndGlobalSection
EndGlobal
